
Microsoft Visual Studio Solution File, Format Version 12.00
# Visual Studio Version 18
VisualStudioVersion = 18.5.11709.299
MinimumVisualStudioVersion = 10.0.40219.1
Project("{FAE04EC0-301F-11D3-BF4B-00C04F79EFBC}") = "Empostor.Server", "Empostor.Server\Empostor.Server.csproj", "{1B0390AF-A4F3-4FE4-B093-708B0135C0B3}"
EndProject
Project("{FAE04EC0-301F-11D3-BF4B-00C04F79EFBC}") = "Empostor.Api", "Empostor.Api\Empostor.Api.csproj", "{E096A7D7-D693-4A13-A526-38CC574D84F8}"
EndProject
Project("{FAE04EC0-301F-11D3-BF4B-00C04F79EFBC}") = "Empostor.Api.Innersloth.Generator", "Empostor.Api.Innersloth.Generator\Empostor.Api.Innersloth.Generator.csproj", "{8B6C3AC5-E2B2-49F8-854D-22DFB4AB3D31}"
EndProject
Project("{FAE04EC0-301F-11D3-BF4B-00C04F79EFBC}") = "Empostor.Plugins.Example", "Empostor.Plugins.Example\Empostor.Plugins.Example.csproj", "{70F97BB7-12A1-4C7A-B2A5-B962D14B813E}"
EndProject
Project("{FAE04EC0-301F-11D3-BF4B-00C04F79EFBC}") = "Empostor.Plugins.Welcome", "Empostor.Plugins.Welcome\Empostor.Plugins.Welcome.csproj", "{AA000002-0000-0000-0000-000000000002}"
EndProject
Project("{2150E333-8FDC-42A3-9474-1A3956D46DE8}") = "Plugins", "Plugins", "{E0009DCB-32A6-45C4-A06C-7F62D4091A29}"
EndProject
Project("{2150E333-8FDC-42A3-9474-1A3956D46DE8}") = "Hazel", "Hazel", "{A42D36F0-B635-4BBD-9F96-97AA17B1574A}"
EndProject
Project("{FAE04EC0-301F-11D3-BF4B-00C04F79EFBC}") = "Next.Hazel", "NextFast.Hazel-New\Next.Hazel\Next.Hazel.csproj", "{07B43A32-0E0C-589F-4796-C15DE906326F}"
EndProject
Project("{FAE04EC0-301F-11D3-BF4B-00C04F79EFBC}") = "Next.Hazel.Abstractions", "NextFast.Hazel-New\Next.Hazel.Abstractions\Next.Hazel.Abstractions.csproj", "{5F7A70A7-1FE9-0B48-FFC1-C0F88BE0547A}"
EndProject
Project("{FAE04EC0-301F-11D3-BF4B-00C04F79EFBC}") = "Empostor.Plugins.FixedCode", "Empostor.Plugins.FixedCode\Empostor.Plugins.FixedCode.csproj", "{C583BD2A-1468-99CA-4E3D-CBDA4D2EDB9F}"
EndProject
Project("{FAE04EC0-301F-11D3-BF4B-00C04F79EFBC}") = "Empostor.Plugins.FriendCodeValidator", "Empostor.Plugins.FriendCodeValidator\Empostor.Plugins.FriendCodeValidator.csproj", "{70CD7AC9-1DE3-CD23-602A-EFD504B91450}"
EndProject
Project("{FAE04EC0-301F-11D3-BF4B-00C04F79EFBC}") = "Empostor.Plugins.Titles", "Empostor.Plugins.Titles\Empostor.Plugins.Titles.csproj", "{3038597E-E1A1-2958-1CF7-C4203A85F424}"
EndProject
Project("{FAE04EC0-301F-11D3-BF4B-00C04F79EFBC}") = "Empostor.Plugins.QqVerify", "Empostor.Plugins.QqVerify\Empostor.Plugins.QqVerify.csproj", "{B8A5D7C3-1F4E-4A2B-9C6D-8E3F5A7B1D2E}"
EndProject
Project("{FAE04EC0-301F-11D3-BF4B-00C04F79EFBC}") = "Empostor.Plugins.PlayerChannel", "Empostor.Plugins.PlayerChannel\Empostor.Plugins.PlayerChannel.csproj", "{D4B6C8A2-5F3E-4C1D-9B7A-6E2F8A4C1D3F}"
EndProject
Project("{FAE04EC0-301F-11D3-BF4B-00C04F79EFBC}") = "Empostor.Plugin.Chat", "Empostor.Plugin.Chat\Empostor.Plugin.Chat.csproj", "{9D1FD146-E7D9-4AFF-9B8E-25E6021A69D7}"
EndProject
Project("{FAE04EC0-301F-11D3-BF4B-00C04F79EFBC}") = "Empostor.Plugin.Code", "Empostor.Plugin.Code\Empostor.Plugin.Code.csproj", "{ADC4F301-51C0-45DB-B97A-BE3844DFD19B}"
EndProject
Project("{FAE04EC0-301F-11D3-BF4B-00C04F79EFBC}") = "Empostor.Plugin.Narrator", "Empostor.Plugin.Narrator\Empostor.Plugin.Narrator.csproj", "{FE6D40CC-4BE5-4E38-9DCA-E6832709FE3F}"
EndProject
Global
	GlobalSection(SolutionConfigurationPlatforms) = preSolution
		Debug|Any CPU = Debug|Any CPU
		Debug|x64 = Debug|x64
		Debug|x86 = Debug|x86
		Release|Any CPU = Release|Any CPU
		Release|x64 = Release|x64
		Release|x86 = Release|x86
	EndGlobalSection
	GlobalSection(ProjectConfigurationPlatforms) = postSolution
		{1B0390AF-A4F3-4FE4-B093-708B0135C0B3}.Debug|Any CPU.ActiveCfg = Debug|Any CPU
		{1B0390AF-A4F3-4FE4-B093-708B0135C0B3}.Debug|Any CPU.Build.0 = Debug|Any CPU
		{1B0390AF-A4F3-4FE4-B093-708B0135C0B3}.Debug|x64.ActiveCfg = Debug|Any CPU
		{1B0390AF-A4F3-4FE4-B093-708B0135C0B3}.Debug|x64.Build.0 = Debug|Any CPU
		{1B0390AF-A4F3-4FE4-B093-708B0135C0B3}.Debug|x86.ActiveCfg = Debug|Any CPU
		{1B0390AF-A4F3-4FE4-B093-708B0135C0B3}.Debug|x86.Build.0 = Debug|Any CPU
		{1B0390AF-A4F3-4FE4-B093-708B0135C0B3}.Release|Any CPU.ActiveCfg = Release|Any CPU
		{1B0390AF-A4F3-4FE4-B093-708B0135C0B3}.Release|Any CPU.Build.0 = Release|Any CPU
		{1B0390AF-A4F3-4FE4-B093-708B0135C0B3}.Release|x64.ActiveCfg = Release|Any CPU
		{1B0390AF-A4F3-4FE4-B093-708B0135C0B3}.Release|x64.Build.0 = Release|Any CPU
		{1B0390AF-A4F3-4FE4-B093-708B0135C0B3}.Release|x86.ActiveCfg = Release|Any CPU
		{1B0390AF-A4F3-4FE4-B093-708B0135C0B3}.Release|x86.Build.0 = Release|Any CPU
		{E096A7D7-D693-4A13-A526-38CC574D84F8}.Debug|Any CPU.ActiveCfg = Debug|Any CPU
		{E096A7D7-D693-4A13-A526-38CC574D84F8}.Debug|Any CPU.Build.0 = Debug|Any CPU
		{E096A7D7-D693-4A13-A526-38CC574D84F8}.Debug|x64.ActiveCfg = Debug|Any CPU
		{E096A7D7-D693-4A13-A526-38CC574D84F8}.Debug|x64.Build.0 = Debug|Any CPU
		{E096A7D7-D693-4A13-A526-38CC574D84F8}.Debug|x86.ActiveCfg = Debug|Any CPU
		{E096A7D7-D693-4A13-A526-38CC574D84F8}.Debug|x86.Build.0 = Debug|Any CPU
		{E096A7D7-D693-4A13-A526-38CC574D84F8}.Release|Any CPU.ActiveCfg = Release|Any CPU
		{E096A7D7-D693-4A13-A526-38CC574D84F8}.Release|Any CPU.Build.0 = Release|Any CPU
		{E096A7D7-D693-4A13-A526-38CC574D84F8}.Release|x64.ActiveCfg = Release|Any CPU
		{E096A7D7-D693-4A13-A526-38CC574D84F8}.Release|x64.Build.0 = Release|Any CPU
		{E096A7D7-D693-4A13-A526-38CC574D84F8}.Release|x86.ActiveCfg = Release|Any CPU
		{E096A7D7-D693-4A13-A526-38CC574D84F8}.Release|x86.Build.0 = Release|Any CPU
		{8B6C3AC5-E2B2-49F8-854D-22DFB4AB3D31}.Debug|Any CPU.ActiveCfg = Debug|Any CPU
		{8B6C3AC5-E2B2-49F8-854D-22DFB4AB3D31}.Debug|Any CPU.Build.0 = Debug|Any CPU
		{8B6C3AC5-E2B2-49F8-854D-22DFB4AB3D31}.Debug|x64.ActiveCfg = Debug|Any CPU
		{8B6C3AC5-E2B2-49F8-854D-22DFB4AB3D31}.Debug|x64.Build.0 = Debug|Any CPU
		{8B6C3AC5-E2B2-49F8-854D-22DFB4AB3D31}.Debug|x86.ActiveCfg = Debug|Any CPU
		{8B6C3AC5-E2B2-49F8-854D-22DFB4AB3D31}.Debug|x86.Build.0 = Debug|Any CPU
		{8B6C3AC5-E2B2-49F8-854D-22DFB4AB3D31}.Release|Any CPU.ActiveCfg = Release|Any CPU
		{8B6C3AC5-E2B2-49F8-854D-22DFB4AB3D31}.Release|Any CPU.Build.0 = Release|Any CPU
		{8B6C3AC5-E2B2-49F8-854D-22DFB4AB3D31}.Release|x64.ActiveCfg = Release|Any CPU
		{8B6C3AC5-E2B2-49F8-854D-22DFB4AB3D31}.Release|x64.Build.0 = Release|Any CPU
		{8B6C3AC5-E2B2-49F8-854D-22DFB4AB3D31}.Release|x86.ActiveCfg = Release|Any CPU
		{8B6C3AC5-E2B2-49F8-854D-22DFB4AB3D31}.Release|x86.Build.0 = Release|Any CPU
		{70F97BB7-12A1-4C7A-B2A5-B962D14B813E}.Debug|Any CPU.ActiveCfg = Debug|Any CPU
		{70F97BB7-12A1-4C7A-B2A5-B962D14B813E}.Debug|Any CPU.Build.0 = Debug|Any CPU
		{70F97BB7-12A1-4C7A-B2A5-B962D14B813E}.Debug|x64.ActiveCfg = Debug|Any CPU
		{70F97BB7-12A1-4C7A-B2A5-B962D14B813E}.Debug|x64.Build.0 = Debug|Any CPU
		{70F97BB7-12A1-4C7A-B2A5-B962D14B813E}.Debug|x86.ActiveCfg = Debug|Any CPU
		{70F97BB7-12A1-4C7A-B2A5-B962D14B813E}.Debug|x86.Build.0 = Debug|Any CPU
		{70F97BB7-12A1-4C7A-B2A5-B962D14B813E}.Release|Any CPU.ActiveCfg = Release|Any CPU
		{70F97BB7-12A1-4C7A-B2A5-B962D14B813E}.Release|Any CPU.Build.0 = Release|Any CPU
		{70F97BB7-12A1-4C7A-B2A5-B962D14B813E}.Release|x64.ActiveCfg = Release|Any CPU
		{70F97BB7-12A1-4C7A-B2A5-B962D14B813E}.Release|x64.Build.0 = Release|Any CPU
		{70F97BB7-12A1-4C7A-B2A5-B962D14B813E}.Release|x86.ActiveCfg = Release|Any CPU
		{70F97BB7-12A1-4C7A-B2A5-B962D14B813E}.Release|x86.Build.0 = Release|Any CPU
		{AA000002-0000-0000-0000-000000000002}.Debug|Any CPU.ActiveCfg = Debug|Any CPU
		{AA000002-0000-0000-0000-000000000002}.Debug|Any CPU.Build.0 = Debug|Any CPU
		{AA000002-0000-0000-0000-000000000002}.Debug|x64.ActiveCfg = Debug|Any CPU
		{AA000002-0000-0000-0000-000000000002}.Debug|x64.Build.0 = Debug|Any CPU
		{AA000002-0000-0000-0000-000000000002}.Debug|x86.ActiveCfg = Debug|Any CPU
		{AA000002-0000-0000-0000-000000000002}.Debug|x86.Build.0 = Debug|Any CPU
		{AA000002-0000-0000-0000-000000000002}.Release|Any CPU.ActiveCfg = Release|Any CPU
		{AA000002-0000-0000-0000-000000000002}.Release|Any CPU.Build.0 = Release|Any CPU
		{AA000002-0000-0000-0000-000000000002}.Release|x64.ActiveCfg = Release|Any CPU
		{AA000002-0000-0000-0000-000000000002}.Release|x64.Build.0 = Release|Any CPU
		{AA000002-0000-0000-0000-000000000002}.Release|x86.ActiveCfg = Release|Any CPU
		{AA000002-0000-0000-0000-000000000002}.Release|x86.Build.0 = Release|Any CPU
		{07B43A32-0E0C-589F-4796-C15DE906326F}.Debug|Any CPU.ActiveCfg = Debug|Any CPU
		{07B43A32-0E0C-589F-4796-C15DE906326F}.Debug|Any CPU.Build.0 = Debug|Any CPU
		{07B43A32-0E0C-589F-4796-C15DE906326F}.Debug|x64.ActiveCfg = Debug|Any CPU
		{07B43A32-0E0C-589F-4796-C15DE906326F}.Debug|x64.Build.0 = Debug|Any CPU
		{07B43A32-0E0C-589F-4796-C15DE906326F}.Debug|x86.ActiveCfg = Debug|Any CPU
		{07B43A32-0E0C-589F-4796-C15DE906326F}.Debug|x86.Build.0 = Debug|Any CPU
		{07B43A32-0E0C-589F-4796-C15DE906326F}.Release|Any CPU.ActiveCfg = Release|Any CPU
		{07B43A32-0E0C-589F-4796-C15DE906326F}.Release|Any CPU.Build.0 = Release|Any CPU
		{07B43A32-0E0C-589F-4796-C15DE906326F}.Release|x64.ActiveCfg = Release|Any CPU
		{07B43A32-0E0C-589F-4796-C15DE906326F}.Release|x64.Build.0 = Release|Any CPU
		{07B43A32-0E0C-589F-4796-C15DE906326F}.Release|x86.ActiveCfg = Release|Any CPU
		{07B43A32-0E0C-589F-4796-C15DE906326F}.Release|x86.Build.0 = Release|Any CPU
		{5F7A70A7-1FE9-0B48-FFC1-C0F88BE0547A}.Debug|Any CPU.ActiveCfg = Debug|Any CPU
		{5F7A70A7-1FE9-0B48-FFC1-C0F88BE0547A}.Debug|Any CPU.Build.0 = Debug|Any CPU
		{5F7A70A7-1FE9-0B48-FFC1-C0F88BE0547A}.Debug|x64.ActiveCfg = Debug|Any CPU
		{5F7A70A7-1FE9-0B48-FFC1-C0F88BE0547A}.Debug|x64.Build.0 = Debug|Any CPU
		{5F7A70A7-1FE9-0B48-FFC1-C0F88BE0547A}.Debug|x86.ActiveCfg = Debug|Any CPU
		{5F7A70A7-1FE9-0B48-FFC1-C0F88BE0547A}.Debug|x86.Build.0 = Debug|Any CPU
		{5F7A70A7-1FE9-0B48-FFC1-C0F88BE0547A}.Release|Any CPU.ActiveCfg = Release|Any CPU
		{5F7A70A7-1FE9-0B48-FFC1-C0F88BE0547A}.Release|Any CPU.Build.0 = Release|Any CPU
		{5F7A70A7-1FE9-0B48-FFC1-C0F88BE0547A}.Release|x64.ActiveCfg = Release|Any CPU
		{5F7A70A7-1FE9-0B48-FFC1-C0F88BE0547A}.Release|x64.Build.0 = Release|Any CPU
		{5F7A70A7-1FE9-0B48-FFC1-C0F88BE0547A}.Release|x86.ActiveCfg = Release|Any CPU
		{5F7A70A7-1FE9-0B48-FFC1-C0F88BE0547A}.Release|x86.Build.0 = Release|Any CPU
		{C583BD2A-1468-99CA-4E3D-CBDA4D2EDB9F}.Debug|Any CPU.ActiveCfg = Debug|Any CPU
		{C583BD2A-1468-99CA-4E3D-CBDA4D2EDB9F}.Debug|Any CPU.Build.0 = Debug|Any CPU
		{C583BD2A-1468-99CA-4E3D-CBDA4D2EDB9F}.Debug|x64.ActiveCfg = Debug|Any CPU
		{C583BD2A-1468-99CA-4E3D-CBDA4D2EDB9F}.Debug|x64.Build.0 = Debug|Any CPU
		{C583BD2A-1468-99CA-4E3D-CBDA4D2EDB9F}.Debug|x86.ActiveCfg = Debug|Any CPU
		{C583BD2A-1468-99CA-4E3D-CBDA4D2EDB9F}.Debug|x86.Build.0 = Debug|Any CPU
		{C583BD2A-1468-99CA-4E3D-CBDA4D2EDB9F}.Release|Any CPU.ActiveCfg = Release|Any CPU
		{C583BD2A-1468-99CA-4E3D-CBDA4D2EDB9F}.Release|Any CPU.Build.0 = Release|Any CPU
		{C583BD2A-1468-99CA-4E3D-CBDA4D2EDB9F}.Release|x64.ActiveCfg = Release|Any CPU
		{C583BD2A-1468-99CA-4E3D-CBDA4D2EDB9F}.Release|x64.Build.0 = Release|Any CPU
		{C583BD2A-1468-99CA-4E3D-CBDA4D2EDB9F}.Release|x86.ActiveCfg = Release|Any CPU
		{C583BD2A-1468-99CA-4E3D-CBDA4D2EDB9F}.Release|x86.Build.0 = Release|Any CPU
		{70CD7AC9-1DE3-CD23-602A-EFD504B91450}.Debug|Any CPU.ActiveCfg = Debug|Any CPU
		{70CD7AC9-1DE3-CD23-602A-EFD504B91450}.Debug|Any CPU.Build.0 = Debug|Any CPU
		{70CD7AC9-1DE3-CD23-602A-EFD504B91450}.Debug|x64.ActiveCfg = Debug|Any CPU
		{70CD7AC9-1DE3-CD23-602A-EFD504B91450}.Debug|x64.Build.0 = Debug|Any CPU
		{70CD7AC9-1DE3-CD23-602A-EFD504B91450}.Debug|x86.ActiveCfg = Debug|Any CPU
		{70CD7AC9-1DE3-CD23-602A-EFD504B91450}.Debug|x86.Build.0 = Debug|Any CPU
		{70CD7AC9-1DE3-CD23-602A-EFD504B91450}.Release|Any CPU.ActiveCfg = Release|Any CPU
		{70CD7AC9-1DE3-CD23-602A-EFD504B91450}.Release|Any CPU.Build.0 = Release|Any CPU
		{70CD7AC9-1DE3-CD23-602A-EFD504B91450}.Release|x64.ActiveCfg = Release|Any CPU
		{70CD7AC9-1DE3-CD23-602A-EFD504B91450}.Release|x64.Build.0 = Release|Any CPU
		{70CD7AC9-1DE3-CD23-602A-EFD504B91450}.Release|x86.ActiveCfg = Release|Any CPU
		{70CD7AC9-1DE3-CD23-602A-EFD504B91450}.Release|x86.Build.0 = Release|Any CPU
		{3038597E-E1A1-2958-1CF7-C4203A85F424}.Debug|Any CPU.ActiveCfg = Debug|Any CPU
		{3038597E-E1A1-2958-1CF7-C4203A85F424}.Debug|Any CPU.Build.0 = Debug|Any CPU
		{3038597E-E1A1-2958-1CF7-C4203A85F424}.Debug|x64.ActiveCfg = Debug|Any CPU
		{3038597E-E1A1-2958-1CF7-C4203A85F424}.Debug|x64.Build.0 = Debug|Any CPU
		{3038597E-E1A1-2958-1CF7-C4203A85F424}.Debug|x86.ActiveCfg = Debug|Any CPU
		{3038597E-E1A1-2958-1CF7-C4203A85F424}.Debug|x86.Build.0 = Debug|Any CPU
		{3038597E-E1A1-2958-1CF7-C4203A85F424}.Release|Any CPU.ActiveCfg = Release|Any CPU
		{3038597E-E1A1-2958-1CF7-C4203A85F424}.Release|Any CPU.Build.0 = Release|Any CPU
		{3038597E-E1A1-2958-1CF7-C4203A85F424}.Release|x64.ActiveCfg = Release|Any CPU
		{3038597E-E1A1-2958-1CF7-C4203A85F424}.Release|x64.Build.0 = Release|Any CPU
		{3038597E-E1A1-2958-1CF7-C4203A85F424}.Release|x86.ActiveCfg = Release|Any CPU
		{3038597E-E1A1-2958-1CF7-C4203A85F424}.Release|x86.Build.0 = Release|Any CPU
		{B8A5D7C3-1F4E-4A2B-9C6D-8E3F5A7B1D2E}.Debug|Any CPU.ActiveCfg = Debug|Any CPU
		{B8A5D7C3-1F4E-4A2B-9C6D-8E3F5A7B1D2E}.Debug|Any CPU.Build.0 = Debug|Any CPU
		{B8A5D7C3-1F4E-4A2B-9C6D-8E3F5A7B1D2E}.Debug|x64.ActiveCfg = Debug|Any CPU
		{B8A5D7C3-1F4E-4A2B-9C6D-8E3F5A7B1D2E}.Debug|x64.Build.0 = Debug|Any CPU
		{B8A5D7C3-1F4E-4A2B-9C6D-8E3F5A7B1D2E}.Debug|x86.ActiveCfg = Debug|Any CPU
		{B8A5D7C3-1F4E-4A2B-9C6D-8E3F5A7B1D2E}.Debug|x86.Build.0 = Debug|Any CPU
		{B8A5D7C3-1F4E-4A2B-9C6D-8E3F5A7B1D2E}.Release|Any CPU.ActiveCfg = Release|Any CPU
		{B8A5D7C3-1F4E-4A2B-9C6D-8E3F5A7B1D2E}.Release|Any CPU.Build.0 = Release|Any CPU
		{B8A5D7C3-1F4E-4A2B-9C6D-8E3F5A7B1D2E}.Release|x64.ActiveCfg = Release|Any CPU
		{B8A5D7C3-1F4E-4A2B-9C6D-8E3F5A7B1D2E}.Release|x64.Build.0 = Release|Any CPU
		{B8A5D7C3-1F4E-4A2B-9C6D-8E3F5A7B1D2E}.Release|x86.ActiveCfg = Release|Any CPU
		{B8A5D7C3-1F4E-4A2B-9C6D-8E3F5A7B1D2E}.Release|x86.Build.0 = Release|Any CPU
		{D4B6C8A2-5F3E-4C1D-9B7A-6E2F8A4C1D3F}.Debug|Any CPU.ActiveCfg = Debug|Any CPU
		{D4B6C8A2-5F3E-4C1D-9B7A-6E2F8A4C1D3F}.Debug|Any CPU.Build.0 = Debug|Any CPU
		{D4B6C8A2-5F3E-4C1D-9B7A-6E2F8A4C1D3F}.Debug|x64.ActiveCfg = Debug|Any CPU
		{D4B6C8A2-5F3E-4C1D-9B7A-6E2F8A4C1D3F}.Debug|x64.Build.0 = Debug|Any CPU
		{D4B6C8A2-5F3E-4C1D-9B7A-6E2F8A4C1D3F}.Debug|x86.ActiveCfg = Debug|Any CPU
		{D4B6C8A2-5F3E-4C1D-9B7A-6E2F8A4C1D3F}.Debug|x86.Build.0 = Debug|Any CPU
		{D4B6C8A2-5F3E-4C1D-9B7A-6E2F8A4C1D3F}.Release|Any CPU.ActiveCfg = Release|Any CPU
		{D4B6C8A2-5F3E-4C1D-9B7A-6E2F8A4C1D3F}.Release|Any CPU.Build.0 = Release|Any CPU
		{D4B6C8A2-5F3E-4C1D-9B7A-6E2F8A4C1D3F}.Release|x64.ActiveCfg = Release|Any CPU
		{D4B6C8A2-5F3E-4C1D-9B7A-6E2F8A4C1D3F}.Release|x64.Build.0 = Release|Any CPU
		{D4B6C8A2-5F3E-4C1D-9B7A-6E2F8A4C1D3F}.Release|x86.ActiveCfg = Release|Any CPU
		{D4B6C8A2-5F3E-4C1D-9B7A-6E2F8A4C1D3F}.Release|x86.Build.0 = Release|Any CPU
		{9D1FD146-E7D9-4AFF-9B8E-25E6021A69D7}.Debug|Any CPU.ActiveCfg = Debug|Any CPU
		{9D1FD146-E7D9-4AFF-9B8E-25E6021A69D7}.Debug|Any CPU.Build.0 = Debug|Any CPU
		{9D1FD146-E7D9-4AFF-9B8E-25E6021A69D7}.Debug|x64.ActiveCfg = Debug|Any CPU
		{9D1FD146-E7D9-4AFF-9B8E-25E6021A69D7}.Debug|x64.Build.0 = Debug|Any CPU
		{9D1FD146-E7D9-4AFF-9B8E-25E6021A69D7}.Debug|x86.ActiveCfg = Debug|Any CPU
		{9D1FD146-E7D9-4AFF-9B8E-25E6021A69D7}.Debug|x86.Build.0 = Debug|Any CPU
		{9D1FD146-E7D9-4AFF-9B8E-25E6021A69D7}.Release|Any CPU.ActiveCfg = Release|Any CPU
		{9D1FD146-E7D9-4AFF-9B8E-25E6021A69D7}.Release|Any CPU.Build.0 = Release|Any CPU
		{9D1FD146-E7D9-4AFF-9B8E-25E6021A69D7}.Release|x64.ActiveCfg = Release|Any CPU
		{9D1FD146-E7D9-4AFF-9B8E-25E6021A69D7}.Release|x64.Build.0 = Release|Any CPU
		{9D1FD146-E7D9-4AFF-9B8E-25E6021A69D7}.Release|x86.ActiveCfg = Release|Any CPU
		{9D1FD146-E7D9-4AFF-9B8E-25E6021A69D7}.Release|x86.Build.0 = Release|Any CPU
		{ADC4F301-51C0-45DB-B97A-BE3844DFD19B}.Debug|Any CPU.ActiveCfg = Debug|Any CPU
		{ADC4F301-51C0-45DB-B97A-BE3844DFD19B}.Debug|Any CPU.Build.0 = Debug|Any CPU
		{ADC4F301-51C0-45DB-B97A-BE3844DFD19B}.Debug|x64.ActiveCfg = Debug|Any CPU
		{ADC4F301-51C0-45DB-B97A-BE3844DFD19B}.Debug|x64.Build.0 = Debug|Any CPU
		{ADC4F301-51C0-45DB-B97A-BE3844DFD19B}.Debug|x86.ActiveCfg = Debug|Any CPU
		{ADC4F301-51C0-45DB-B97A-BE3844DFD19B}.Debug|x86.Build.0 = Debug|Any CPU
		{ADC4F301-51C0-45DB-B97A-BE3844DFD19B}.Release|Any CPU.ActiveCfg = Release|Any CPU
		{ADC4F301-51C0-45DB-B97A-BE3844DFD19B}.Release|Any CPU.Build.0 = Release|Any CPU
		{ADC4F301-51C0-45DB-B97A-BE3844DFD19B}.Release|x64.ActiveCfg = Release|Any CPU
		{ADC4F301-51C0-45DB-B97A-BE3844DFD19B}.Release|x64.Build.0 = Release|Any CPU
		{ADC4F301-51C0-45DB-B97A-BE3844DFD19B}.Release|x86.ActiveCfg = Release|Any CPU
		{ADC4F301-51C0-45DB-B97A-BE3844DFD19B}.Release|x86.Build.0 = Release|Any CPU
		{FE6D40CC-4BE5-4E38-9DCA-E6832709FE3F}.Debug|Any CPU.ActiveCfg = Debug|Any CPU
		{FE6D40CC-4BE5-4E38-9DCA-E6832709FE3F}.Debug|Any CPU.Build.0 = Debug|Any CPU
		{FE6D40CC-4BE5-4E38-9DCA-E6832709FE3F}.Debug|x64.ActiveCfg = Debug|Any CPU
		{FE6D40CC-4BE5-4E38-9DCA-E6832709FE3F}.Debug|x64.Build.0 = Debug|Any CPU
		{FE6D40CC-4BE5-4E38-9DCA-E6832709FE3F}.Debug|x86.ActiveCfg = Debug|Any CPU
		{FE6D40CC-4BE5-4E38-9DCA-E6832709FE3F}.Debug|x86.Build.0 = Debug|Any CPU
		{FE6D40CC-4BE5-4E38-9DCA-E6832709FE3F}.Release|Any CPU.ActiveCfg = Release|Any CPU
		{FE6D40CC-4BE5-4E38-9DCA-E6832709FE3F}.Release|Any CPU.Build.0 = Release|Any CPU
		{FE6D40CC-4BE5-4E38-9DCA-E6832709FE3F}.Release|x64.ActiveCfg = Release|Any CPU
		{FE6D40CC-4BE5-4E38-9DCA-E6832709FE3F}.Release|x64.Build.0 = Release|Any CPU
		{FE6D40CC-4BE5-4E38-9DCA-E6832709FE3F}.Release|x86.ActiveCfg = Release|Any CPU
		{FE6D40CC-4BE5-4E38-9DCA-E6832709FE3F}.Release|x86.Build.0 = Release|Any CPU
	EndGlobalSection
	GlobalSection(SolutionProperties) = preSolution
		HideSolutionNode = FALSE
	EndGlobalSection
	GlobalSection(NestedProjects) = preSolution
		{70F97BB7-12A1-4C7A-B2A5-B962D14B813E} = {E0009DCB-32A6-45C4-A06C-7F62D4091A29}
		{AA000002-0000-0000-0000-000000000002} = {E0009DCB-32A6-45C4-A06C-7F62D4091A29}
		{07B43A32-0E0C-589F-4796-C15DE906326F} = {A42D36F0-B635-4BBD-9F96-97AA17B1574A}
		{5F7A70A7-1FE9-0B48-FFC1-C0F88BE0547A} = {A42D36F0-B635-4BBD-9F96-97AA17B1574A}
		{C583BD2A-1468-99CA-4E3D-CBDA4D2EDB9F} = {E0009DCB-32A6-45C4-A06C-7F62D4091A29}
		{70CD7AC9-1DE3-CD23-602A-EFD504B91450} = {E0009DCB-32A6-45C4-A06C-7F62D4091A29}
		{3038597E-E1A1-2958-1CF7-C4203A85F424} = {E0009DCB-32A6-45C4-A06C-7F62D4091A29}
		{B8A5D7C3-1F4E-4A2B-9C6D-8E3F5A7B1D2E} = {E0009DCB-32A6-45C4-A06C-7F62D4091A29}
		{D4B6C8A2-5F3E-4C1D-9B7A-6E2F8A4C1D3F} = {E0009DCB-32A6-45C4-A06C-7F62D4091A29}
		{9D1FD146-E7D9-4AFF-9B8E-25E6021A69D7} = {E0009DCB-32A6-45C4-A06C-7F62D4091A29}
		{ADC4F301-51C0-45DB-B97A-BE3844DFD19B} = {E0009DCB-32A6-45C4-A06C-7F62D4091A29}
	EndGlobalSection
	GlobalSection(ExtensibilityGlobals) = postSolution
		SolutionGuid = {DAF5625C-7E46-4DCC-AF2C-11D20D965454}
	EndGlobalSection
EndGlobal
